
Microsoft Visual Studio Solution File, Format Version 12.00
# Visual Studio Version 17
VisualStudioVersion = 17.10.34916.146
MinimumVisualStudioVersion = 10.0.40219.1
Project("{FAE04EC0-301F-11D3-BF4B-00C04F79EFBC}") = "RabbitMQConsumer", "RabbitMQConsumer\RabbitMQConsumer.csproj", "{87831ACD-7095-4839-83CC-8E2420DCD1EC}"
EndProject
Global
	GlobalSection(SolutionConfigurationPlatforms) = preSolution
		Debug|Any CPU = Debug|Any CPU
		Release|Any CPU = Release|Any CPU
	EndGlobalSection
	GlobalSection(ProjectConfigurationPlatforms) = postSolution
		{87831ACD-7095-4839-83CC-8E2420DCD1EC}.Debug|Any CPU.ActiveCfg = Debug|Any CPU
		{87831ACD-7095-4839-83CC-8E2420DCD1EC}.Debug|Any CPU.Build.0 = Debug|Any CPU
		{87831ACD-7095-4839-83CC-8E2420DCD1EC}.Release|Any CPU.ActiveCfg = Release|Any CPU
		{87831ACD-7095-4839-83CC-8E2420DCD1EC}.Release|Any CPU.Build.0 = Release|Any CPU
	EndGlobalSection
	GlobalSection(SolutionProperties) = preSolution
		HideSolutionNode = FALSE
	EndGlobalSection
	GlobalSection(ExtensibilityGlobals) = postSolution
		SolutionGuid = {16400699-8ECB-443B-A721-3B9E66311E72}
	EndGlobalSection
EndGlobal
